{
  "name": "tcc13.08",
  "version": "1.0.0",
  "lockfileVersion": 3,
  "requires": true,
  "packages": {
    "": {
      "name": "tcc13.08",
      "version": "1.0.0",
      "dependencies": {
        "tcc13.08": "file:"
      }
    },
    "node_modules/tcc13.08": {
      "resolved": "",
      "link": true
    }
  }
}
